
Microsoft Visual Studio Solution File, Format Version 12.00
# Visual Studio 15
VisualStudioVersion = 15.0.28307.572
MinimumVisualStudioVersion = 10.0.40219.1
Project("{FAE04EC0-301F-11D3-BF4B-00C04F79EFBC}") = "FocusBackend", "FocusBackend\FocusBackend.csproj", "{A289ED3B-0E4D-4EA3-8A6A-2EF96DEAB073}"
EndProject
Project("{FAE04EC0-301F-11D3-BF4B-00C04F79EFBC}") = "FocusBackend.Tests", "FocusBackend.Tests\FocusBackend.Tests.csproj", "{A2D573C5-24ED-44A6-9F6D-704A7167A82D}"
	ProjectSection(ProjectDependencies) = postProject
		{A289ED3B-0E4D-4EA3-8A6A-2EF96DEAB073} = {A289ED3B-0E4D-4EA3-8A6A-2EF96DEAB073}
	EndProjectSection
EndProject
Global
	GlobalSection(SolutionConfigurationPlatforms) = preSolution
		Debug|Any CPU = Debug|Any CPU
		Release|Any CPU = Release|Any CPU
	EndGlobalSection
	GlobalSection(ProjectConfigurationPlatforms) = postSolution
		{A289ED3B-0E4D-4EA3-8A6A-2EF96DEAB073}.Debug|Any CPU.ActiveCfg = Debug|Any CPU
		{A289ED3B-0E4D-4EA3-8A6A-2EF96DEAB073}.Debug|Any CPU.Build.0 = Debug|Any CPU
		{A289ED3B-0E4D-4EA3-8A6A-2EF96DEAB073}.Release|Any CPU.ActiveCfg = Release|Any CPU
		{A289ED3B-0E4D-4EA3-8A6A-2EF96DEAB073}.Release|Any CPU.Build.0 = Release|Any CPU
		{A2D573C5-24ED-44A6-9F6D-704A7167A82D}.Debug|Any CPU.ActiveCfg = Debug|Any CPU
		{A2D573C5-24ED-44A6-9F6D-704A7167A82D}.Debug|Any CPU.Build.0 = Debug|Any CPU
		{A2D573C5-24ED-44A6-9F6D-704A7167A82D}.Release|Any CPU.ActiveCfg = Release|Any CPU
		{A2D573C5-24ED-44A6-9F6D-704A7167A82D}.Release|Any CPU.Build.0 = Release|Any CPU
	EndGlobalSection
	GlobalSection(SolutionProperties) = preSolution
		HideSolutionNode = FALSE
	EndGlobalSection
	GlobalSection(ExtensibilityGlobals) = postSolution
		SolutionGuid = {55487317-B29D-42E2-848E-D442A64E8F84}
	EndGlobalSection
EndGlobal
